
Microsoft Visual Studio Solution File, Format Version 12.00
# Visual Studio Version 17
VisualStudioVersion = 17.4.33213.308
MinimumVisualStudioVersion = 10.0.40219.1
Project("{FAE04EC0-301F-11D3-BF4B-00C04F79EFBC}") = "Modulo_1", "Modulo_1.csproj", "{981224D4-6504-4FDA-B7DC-254ED1D290F8}"
EndProject
Global
	GlobalSection(SolutionConfigurationPlatforms) = preSolution
		Debug|Any CPU = Debug|Any CPU
		Release|Any CPU = Release|Any CPU
	EndGlobalSection
	GlobalSection(ProjectConfigurationPlatforms) = postSolution
		{981224D4-6504-4FDA-B7DC-254ED1D290F8}.Debug|Any CPU.ActiveCfg = Debug|Any CPU
		{981224D4-6504-4FDA-B7DC-254ED1D290F8}.Debug|Any CPU.Build.0 = Debug|Any CPU
		{981224D4-6504-4FDA-B7DC-254ED1D290F8}.Release|Any CPU.ActiveCfg = Release|Any CPU
		{981224D4-6504-4FDA-B7DC-254ED1D290F8}.Release|Any CPU.Build.0 = Release|Any CPU
	EndGlobalSection
	GlobalSection(SolutionProperties) = preSolution
		HideSolutionNode = FALSE
	EndGlobalSection
	GlobalSection(ExtensibilityGlobals) = postSolution
		SolutionGuid = {34260856-2275-4F2F-A5CB-5F451784D37A}
	EndGlobalSection
EndGlobal
